
Microsoft Visual Studio Solution File, Format Version 12.00
# Visual Studio Version 16
VisualStudioVersion = 16.0.31005.135
MinimumVisualStudioVersion = 10.0.40219.1
Project("{8BC9CEB8-8B4A-11D0-8D11-00A0C91BC942}") = "task2_for", "task2_for\task2_for.vcxproj", "{89C238FE-CD71-45F7-AD33-9504A404EB66}"
EndProject
Project("{8BC9CEB8-8B4A-11D0-8D11-00A0C91BC942}") = "task2_do", "task2_do\task2_do.vcxproj", "{7420253E-3315-4E47-B8AA-09CC7FE229A9}"
EndProject
Project("{8BC9CEB8-8B4A-11D0-8D11-00A0C91BC942}") = "task2_while", "task2_while\task2_while.vcxproj", "{8459308D-E684-41FF-B9E8-A978D85AA531}"
EndProject
Global
	GlobalSection(SolutionConfigurationPlatforms) = preSolution
		Debug|x64 = Debug|x64
		Debug|x86 = Debug|x86
		Release|x64 = Release|x64
		Release|x86 = Release|x86
	EndGlobalSection
	GlobalSection(ProjectConfigurationPlatforms) = postSolution
		{89C238FE-CD71-45F7-AD33-9504A404EB66}.Debug|x64.ActiveCfg = Debug|x64
		{89C238FE-CD71-45F7-AD33-9504A404EB66}.Debug|x64.Build.0 = Debug|x64
		{89C238FE-CD71-45F7-AD33-9504A404EB66}.Debug|x86.ActiveCfg = Debug|Win32
		{89C238FE-CD71-45F7-AD33-9504A404EB66}.Debug|x86.Build.0 = Debug|Win32
		{89C238FE-CD71-45F7-AD33-9504A404EB66}.Release|x64.ActiveCfg = Release|x64
		{89C238FE-CD71-45F7-AD33-9504A404EB66}.Release|x64.Build.0 = Release|x64
		{89C238FE-CD71-45F7-AD33-9504A404EB66}.Release|x86.ActiveCfg = Release|Win32
		{89C238FE-CD71-45F7-AD33-9504A404EB66}.Release|x86.Build.0 = Release|Win32
		{7420253E-3315-4E47-B8AA-09CC7FE229A9}.Debug|x64.ActiveCfg = Debug|x64
		{7420253E-3315-4E47-B8AA-09CC7FE229A9}.Debug|x64.Build.0 = Debug|x64
		{7420253E-3315-4E47-B8AA-09CC7FE229A9}.Debug|x86.ActiveCfg = Debug|Win32
		{7420253E-3315-4E47-B8AA-09CC7FE229A9}.Debug|x86.Build.0 = Debug|Win32
		{7420253E-3315-4E47-B8AA-09CC7FE229A9}.Release|x64.ActiveCfg = Release|x64
		{7420253E-3315-4E47-B8AA-09CC7FE229A9}.Release|x64.Build.0 = Release|x64
		{7420253E-3315-4E47-B8AA-09CC7FE229A9}.Release|x86.ActiveCfg = Release|Win32
		{7420253E-3315-4E47-B8AA-09CC7FE229A9}.Release|x86.Build.0 = Release|Win32
		{8459308D-E684-41FF-B9E8-A978D85AA531}.Debug|x64.ActiveCfg = Debug|x64
		{8459308D-E684-41FF-B9E8-A978D85AA531}.Debug|x64.Build.0 = Debug|x64
		{8459308D-E684-41FF-B9E8-A978D85AA531}.Debug|x86.ActiveCfg = Debug|Win32
		{8459308D-E684-41FF-B9E8-A978D85AA531}.Debug|x86.Build.0 = Debug|Win32
		{8459308D-E684-41FF-B9E8-A978D85AA531}.Release|x64.ActiveCfg = Release|x64
		{8459308D-E684-41FF-B9E8-A978D85AA531}.Release|x64.Build.0 = Release|x64
		{8459308D-E684-41FF-B9E8-A978D85AA531}.Release|x86.ActiveCfg = Release|Win32
		{8459308D-E684-41FF-B9E8-A978D85AA531}.Release|x86.Build.0 = Release|Win32
	EndGlobalSection
	GlobalSection(SolutionProperties) = preSolution
		HideSolutionNode = FALSE
	EndGlobalSection
	GlobalSection(ExtensibilityGlobals) = postSolution
		SolutionGuid = {0FC1C1FB-B190-482E-BC4A-6D995E87BAC6}
	EndGlobalSection
EndGlobal
