
Microsoft Visual Studio Solution File, Format Version 12.00
# Visual Studio Version 16
VisualStudioVersion = 16.0.30907.101
MinimumVisualStudioVersion = 10.0.40219.1
Project("{8BC9CEB8-8B4A-11D0-8D11-00A0C91BC942}") = "task3", "task3\task3.vcxproj", "{1EA00B11-5895-4435-836F-69A40502433F}"
EndProject
Global
	GlobalSection(SolutionConfigurationPlatforms) = preSolution
		Debug|x64 = Debug|x64
		Debug|x86 = Debug|x86
		Release|x64 = Release|x64
		Release|x86 = Release|x86
	EndGlobalSection
	GlobalSection(ProjectConfigurationPlatforms) = postSolution
		{1EA00B11-5895-4435-836F-69A40502433F}.Debug|x64.ActiveCfg = Debug|x64
		{1EA00B11-5895-4435-836F-69A40502433F}.Debug|x64.Build.0 = Debug|x64
		{1EA00B11-5895-4435-836F-69A40502433F}.Debug|x86.ActiveCfg = Debug|Win32
		{1EA00B11-5895-4435-836F-69A40502433F}.Debug|x86.Build.0 = Debug|Win32
		{1EA00B11-5895-4435-836F-69A40502433F}.Release|x64.ActiveCfg = Release|x64
		{1EA00B11-5895-4435-836F-69A40502433F}.Release|x64.Build.0 = Release|x64
		{1EA00B11-5895-4435-836F-69A40502433F}.Release|x86.ActiveCfg = Release|Win32
		{1EA00B11-5895-4435-836F-69A40502433F}.Release|x86.Build.0 = Release|Win32
	EndGlobalSection
	GlobalSection(SolutionProperties) = preSolution
		HideSolutionNode = FALSE
	EndGlobalSection
	GlobalSection(ExtensibilityGlobals) = postSolution
		SolutionGuid = {1F11BFFF-C8CE-472A-A440-C38C60A02A1E}
	EndGlobalSection
EndGlobal
